Microsoft Visual Studio Solution File, Format Version 12.00
# Visual Studio 2012
Project("{FAE04EC0-301F-11D3-BF4B-00C04F79EFBC}") = "GMTKJam20", "GMTKJam20.csproj", "{CDEC1A91-6922-411C-AC98-0CAC06BE275D}"
EndProject
Global
	GlobalSection(SolutionConfigurationPlatforms) = preSolution
	Debug|Any CPU = Debug|Any CPU
	Release|Any CPU = Release|Any CPU
	Tools|Any CPU = Tools|Any CPU
	EndGlobalSection
	GlobalSection(ProjectConfigurationPlatforms) = postSolution
		{CDEC1A91-6922-411C-AC98-0CAC06BE275D}.Debug|Any CPU.ActiveCfg = Debug|Any CPU
		{CDEC1A91-6922-411C-AC98-0CAC06BE275D}.Debug|Any CPU.Build.0 = Debug|Any CPU
		{CDEC1A91-6922-411C-AC98-0CAC06BE275D}.Release|Any CPU.ActiveCfg = Release|Any CPU
		{CDEC1A91-6922-411C-AC98-0CAC06BE275D}.Release|Any CPU.Build.0 = Release|Any CPU
		{CDEC1A91-6922-411C-AC98-0CAC06BE275D}.Tools|Any CPU.ActiveCfg = Tools|Any CPU
		{CDEC1A91-6922-411C-AC98-0CAC06BE275D}.Tools|Any CPU.Build.0 = Tools|Any CPU
	EndGlobalSection
EndGlobal
